
Microsoft Visual Studio Solution File, Format Version 12.00
# Visual Studio Version 17
VisualStudioVersion = 17.2.32505.173
MinimumVisualStudioVersion = 10.0.40219.1
Project("{FAE04EC0-301F-11D3-BF4B-00C04F79EFBC}") = "PRN_SE1629_OOP", "PRN_SE1629_OOP\PRN_SE1629_OOP.csproj", "{FF3D8F05-1F6B-47DB-A6B1-043C7C171A72}"
EndProject
Global
	GlobalSection(SolutionConfigurationPlatforms) = preSolution
		Debug|Any CPU = Debug|Any CPU
		Release|Any CPU = Release|Any CPU
	EndGlobalSection
	GlobalSection(ProjectConfigurationPlatforms) = postSolution
		{FF3D8F05-1F6B-47DB-A6B1-043C7C171A72}.Debug|Any CPU.ActiveCfg = Debug|Any CPU
		{FF3D8F05-1F6B-47DB-A6B1-043C7C171A72}.Debug|Any CPU.Build.0 = Debug|Any CPU
		{FF3D8F05-1F6B-47DB-A6B1-043C7C171A72}.Release|Any CPU.ActiveCfg = Release|Any CPU
		{FF3D8F05-1F6B-47DB-A6B1-043C7C171A72}.Release|Any CPU.Build.0 = Release|Any CPU
	EndGlobalSection
	GlobalSection(SolutionProperties) = preSolution
		HideSolutionNode = FALSE
	EndGlobalSection
	GlobalSection(ExtensibilityGlobals) = postSolution
		SolutionGuid = {AF106546-CA81-49D7-A626-8FBC411C37C6}
	EndGlobalSection
EndGlobal
