
Microsoft Visual Studio Solution File, Format Version 12.00
# Visual Studio Version 17
VisualStudioVersion = 17.2.32505.173
MinimumVisualStudioVersion = 10.0.40219.1
Project("{9A19103F-16F7-4668-BE54-9A1E7A4F7556}") = "PRN_SE1629_OOP", "PRN_SE1629_OOP\PRN_SE1629_OOP.csproj", "{FF3D8F05-1F6B-47DB-A6B1-043C7C171A72}"
EndProject
Project("{9A19103F-16F7-4668-BE54-9A1E7A4F7556}") = "PRN_SE1629_PRODUCT_MNG", "PRN_SE1629_PRODUCT_MNG\PRN_SE1629_PRODUCT_MNG.csproj", "{EFEBEA42-E7E9-4FD8-B1C5-9868EB996CF5}"
EndProject
Project("{9A19103F-16F7-4668-BE54-9A1E7A4F7556}") = "PRN_SE1629_LINQ", "PRN_SE1629_LINQ\PRN_SE1629_LINQ.csproj", "{BB6FDA22-5173-45B7-9EB9-E36FB1C86EF6}"
EndProject
Project("{9A19103F-16F7-4668-BE54-9A1E7A4F7556}") = "PRN_SE1629_THREADING", "PRN_SE1629_THREADING\PRN_SE1629_THREADING.csproj", "{FF7904CB-EF52-444D-92EA-A95E51596CAB}"
EndProject
Project("{9A19103F-16F7-4668-BE54-9A1E7A4F7556}") = "PRN_SE1629_CONSUME_MATHLIB", "PRN_SE1629_CONSUME_MATHLIB\PRN_SE1629_CONSUME_MATHLIB.csproj", "{74C66EC4-E7F9-4924-9F59-F5279612520A}"
EndProject
Project("{9A19103F-16F7-4668-BE54-9A1E7A4F7556}") = "PRN_SE1629_FILESTREAM", "PRN_SE1629_FILESTREAM\PRN_SE1629_FILESTREAM.csproj", "{429709BC-05CC-49F2-B4C9-C51A8480E6D8}"
EndProject
Project("{9A19103F-16F7-4668-BE54-9A1E7A4F7556}") = "DemoProviderFactory", "DemoProviderFactory\DemoProviderFactory.csproj", "{04F1E821-D9E3-40A8-95D8-FA1ACE4B8328}"
EndProject
Project("{FAE04EC0-301F-11D3-BF4B-00C04F79EFBC}") = "DemoDisconnectedLayer", "DemoDisconnectedLayer\DemoDisconnectedLayer.csproj", "{E8DB575B-A86A-4D5E-9166-B13E34CBD27F}"
EndProject
Project("{FAE04EC0-301F-11D3-BF4B-00C04F79EFBC}") = "DemoConnectedLayer", "DemoConnectedLayer\DemoConnectedLayer.csproj", "{48A3D332-D0BA-4BD4-8123-24AF5AE03D85}"
EndProject
Project("{FAE04EC0-301F-11D3-BF4B-00C04F79EFBC}") = "ManageCategoriesApp", "ManageCategoriesApp\ManageCategoriesApp.csproj", "{1470AFEE-3218-4DE6-9377-463A32F452F8}"
EndProject
Global
	GlobalSection(SolutionConfigurationPlatforms) = preSolution
		Debug|Any CPU = Debug|Any CPU
		Release|Any CPU = Release|Any CPU
	EndGlobalSection
	GlobalSection(ProjectConfigurationPlatforms) = postSolution
		{FF3D8F05-1F6B-47DB-A6B1-043C7C171A72}.Debug|Any CPU.ActiveCfg = Debug|Any CPU
		{FF3D8F05-1F6B-47DB-A6B1-043C7C171A72}.Debug|Any CPU.Build.0 = Debug|Any CPU
		{FF3D8F05-1F6B-47DB-A6B1-043C7C171A72}.Release|Any CPU.ActiveCfg = Release|Any CPU
		{FF3D8F05-1F6B-47DB-A6B1-043C7C171A72}.Release|Any CPU.Build.0 = Release|Any CPU
		{EFEBEA42-E7E9-4FD8-B1C5-9868EB996CF5}.Debug|Any CPU.ActiveCfg = Debug|Any CPU
		{EFEBEA42-E7E9-4FD8-B1C5-9868EB996CF5}.Debug|Any CPU.Build.0 = Debug|Any CPU
		{EFEBEA42-E7E9-4FD8-B1C5-9868EB996CF5}.Release|Any CPU.ActiveCfg = Release|Any CPU
		{EFEBEA42-E7E9-4FD8-B1C5-9868EB996CF5}.Release|Any CPU.Build.0 = Release|Any CPU
		{BB6FDA22-5173-45B7-9EB9-E36FB1C86EF6}.Debug|Any CPU.ActiveCfg = Debug|Any CPU
		{BB6FDA22-5173-45B7-9EB9-E36FB1C86EF6}.Debug|Any CPU.Build.0 = Debug|Any CPU
		{BB6FDA22-5173-45B7-9EB9-E36FB1C86EF6}.Release|Any CPU.ActiveCfg = Release|Any CPU
		{BB6FDA22-5173-45B7-9EB9-E36FB1C86EF6}.Release|Any CPU.Build.0 = Release|Any CPU
		{FF7904CB-EF52-444D-92EA-A95E51596CAB}.Debug|Any CPU.ActiveCfg = Debug|Any CPU
		{FF7904CB-EF52-444D-92EA-A95E51596CAB}.Debug|Any CPU.Build.0 = Debug|Any CPU
		{FF7904CB-EF52-444D-92EA-A95E51596CAB}.Release|Any CPU.ActiveCfg = Release|Any CPU
		{FF7904CB-EF52-444D-92EA-A95E51596CAB}.Release|Any CPU.Build.0 = Release|Any CPU
		{74C66EC4-E7F9-4924-9F59-F5279612520A}.Debug|Any CPU.ActiveCfg = Debug|Any CPU
		{74C66EC4-E7F9-4924-9F59-F5279612520A}.Debug|Any CPU.Build.0 = Debug|Any CPU
		{74C66EC4-E7F9-4924-9F59-F5279612520A}.Release|Any CPU.ActiveCfg = Release|Any CPU
		{74C66EC4-E7F9-4924-9F59-F5279612520A}.Release|Any CPU.Build.0 = Release|Any CPU
		{429709BC-05CC-49F2-B4C9-C51A8480E6D8}.Debug|Any CPU.ActiveCfg = Debug|Any CPU
		{429709BC-05CC-49F2-B4C9-C51A8480E6D8}.Debug|Any CPU.Build.0 = Debug|Any CPU
		{429709BC-05CC-49F2-B4C9-C51A8480E6D8}.Release|Any CPU.ActiveCfg = Release|Any CPU
		{429709BC-05CC-49F2-B4C9-C51A8480E6D8}.Release|Any CPU.Build.0 = Release|Any CPU
		{04F1E821-D9E3-40A8-95D8-FA1ACE4B8328}.Debug|Any CPU.ActiveCfg = Debug|Any CPU
		{04F1E821-D9E3-40A8-95D8-FA1ACE4B8328}.Debug|Any CPU.Build.0 = Debug|Any CPU
		{04F1E821-D9E3-40A8-95D8-FA1ACE4B8328}.Release|Any CPU.ActiveCfg = Release|Any CPU
		{04F1E821-D9E3-40A8-95D8-FA1ACE4B8328}.Release|Any CPU.Build.0 = Release|Any CPU
		{E8DB575B-A86A-4D5E-9166-B13E34CBD27F}.Debug|Any CPU.ActiveCfg = Debug|Any CPU
		{E8DB575B-A86A-4D5E-9166-B13E34CBD27F}.Debug|Any CPU.Build.0 = Debug|Any CPU
		{E8DB575B-A86A-4D5E-9166-B13E34CBD27F}.Release|Any CPU.ActiveCfg = Release|Any CPU
		{E8DB575B-A86A-4D5E-9166-B13E34CBD27F}.Release|Any CPU.Build.0 = Release|Any CPU
		{48A3D332-D0BA-4BD4-8123-24AF5AE03D85}.Debug|Any CPU.ActiveCfg = Debug|Any CPU
		{48A3D332-D0BA-4BD4-8123-24AF5AE03D85}.Debug|Any CPU.Build.0 = Debug|Any CPU
		{48A3D332-D0BA-4BD4-8123-24AF5AE03D85}.Release|Any CPU.ActiveCfg = Release|Any CPU
		{48A3D332-D0BA-4BD4-8123-24AF5AE03D85}.Release|Any CPU.Build.0 = Release|Any CPU
		{1470AFEE-3218-4DE6-9377-463A32F452F8}.Debug|Any CPU.ActiveCfg = Debug|Any CPU
		{1470AFEE-3218-4DE6-9377-463A32F452F8}.Debug|Any CPU.Build.0 = Debug|Any CPU
		{1470AFEE-3218-4DE6-9377-463A32F452F8}.Release|Any CPU.ActiveCfg = Release|Any CPU
		{1470AFEE-3218-4DE6-9377-463A32F452F8}.Release|Any CPU.Build.0 = Release|Any CPU
	EndGlobalSection
	GlobalSection(SolutionProperties) = preSolution
		HideSolutionNode = FALSE
	EndGlobalSection
	GlobalSection(ExtensibilityGlobals) = postSolution
		SolutionGuid = {AF106546-CA81-49D7-A626-8FBC411C37C6}
	EndGlobalSection
EndGlobal
